
Microsoft Visual Studio Solution File, Format Version 11.00
# Visual Studio 2010
Project("{FAE04EC0-301F-11D3-BF4B-00C04F79EFBC}") = "AlphaWork", "Assembly-CSharp-firstpass.csproj", "{F69D865B-AF57-ED36-3C03-12EE49EF5962}"
EndProject
Project("{FAE04EC0-301F-11D3-BF4B-00C04F79EFBC}") = "AlphaWork", "Assembly-CSharp.csproj", "{69572218-C7E1-A8D7-12C3-962A6B329756}"
EndProject
Project("{FAE04EC0-301F-11D3-BF4B-00C04F79EFBC}") = "AlphaWork", "Assembly-CSharp-Editor-firstpass.csproj", "{6821F4A5-EFC2-5F22-84AD-A0FD3D17F868}"
EndProject
Project("{FAE04EC0-301F-11D3-BF4B-00C04F79EFBC}") = "AlphaWork", "Assembly-CSharp-Editor.csproj", "{A6CBFDE6-59F6-93CB-632A-D941B0EBFD3E}"
EndProject
Global
	GlobalSection(SolutionConfigurationPlatforms) = preSolution
		Debug|Any CPU = Debug|Any CPU
		Release|Any CPU = Release|Any CPU
	EndGlobalSection
	GlobalSection(ProjectConfigurationPlatforms) = postSolution
		{F69D865B-AF57-ED36-3C03-12EE49EF5962}.Debug|Any CPU.ActiveCfg = Debug|Any CPU
		{F69D865B-AF57-ED36-3C03-12EE49EF5962}.Debug|Any CPU.Build.0 = Debug|Any CPU
		{F69D865B-AF57-ED36-3C03-12EE49EF5962}.Release|Any CPU.ActiveCfg = Release|Any CPU
		{F69D865B-AF57-ED36-3C03-12EE49EF5962}.Release|Any CPU.Build.0 = Release|Any CPU
		{69572218-C7E1-A8D7-12C3-962A6B329756}.Debug|Any CPU.ActiveCfg = Debug|Any CPU
		{69572218-C7E1-A8D7-12C3-962A6B329756}.Debug|Any CPU.Build.0 = Debug|Any CPU
		{69572218-C7E1-A8D7-12C3-962A6B329756}.Release|Any CPU.ActiveCfg = Release|Any CPU
		{69572218-C7E1-A8D7-12C3-962A6B329756}.Release|Any CPU.Build.0 = Release|Any CPU
		{6821F4A5-EFC2-5F22-84AD-A0FD3D17F868}.Debug|Any CPU.ActiveCfg = Debug|Any CPU
		{6821F4A5-EFC2-5F22-84AD-A0FD3D17F868}.Debug|Any CPU.Build.0 = Debug|Any CPU
		{6821F4A5-EFC2-5F22-84AD-A0FD3D17F868}.Release|Any CPU.ActiveCfg = Release|Any CPU
		{6821F4A5-EFC2-5F22-84AD-A0FD3D17F868}.Release|Any CPU.Build.0 = Release|Any CPU
		{A6CBFDE6-59F6-93CB-632A-D941B0EBFD3E}.Debug|Any CPU.ActiveCfg = Debug|Any CPU
		{A6CBFDE6-59F6-93CB-632A-D941B0EBFD3E}.Debug|Any CPU.Build.0 = Debug|Any CPU
		{A6CBFDE6-59F6-93CB-632A-D941B0EBFD3E}.Release|Any CPU.ActiveCfg = Release|Any CPU
		{A6CBFDE6-59F6-93CB-632A-D941B0EBFD3E}.Release|Any CPU.Build.0 = Release|Any CPU
	EndGlobalSection
	GlobalSection(SolutionProperties) = preSolution
		HideSolutionNode = FALSE
	EndGlobalSection
	GlobalSection(MonoDevelopProperties) = preSolution
		StartupItem = Assembly-CSharp.csproj
	EndGlobalSection
EndGlobal
