
Microsoft Visual Studio Solution File, Format Version 12.00
# Visual Studio 2017
Project("{FAE04EC0-301F-11D3-BF4B-00C04F79EFBC}") = "AlphaWork.Plugins", "AlphaWork.Plugins.csproj", "{4F1B127D-3047-3B19-ADCB-FDE704BDAED9}"
EndProject
Project("{FAE04EC0-301F-11D3-BF4B-00C04F79EFBC}") = "AlphaWork", "AlphaWork.csproj", "{28AD98CF-11C0-190C-293D-624C3112427B}"
EndProject
Project("{FAE04EC0-301F-11D3-BF4B-00C04F79EFBC}") = "AlphaWork.Editor.Plugins", "AlphaWork.Editor.Plugins.csproj", "{03D1615B-C2DA-64A8-B022-C495EC849EA4}"
EndProject
Project("{FAE04EC0-301F-11D3-BF4B-00C04F79EFBC}") = "AlphaWork.Editor", "AlphaWork.Editor.csproj", "{9CAFBE74-3004-79C1-6935-CBD103330101}"
EndProject
Global
	GlobalSection(SolutionConfigurationPlatforms) = preSolution
		Debug|Any CPU = Debug|Any CPU
		Release|Any CPU = Release|Any CPU
	EndGlobalSection
	GlobalSection(ProjectConfigurationPlatforms) = postSolution
		{4F1B127D-3047-3B19-ADCB-FDE704BDAED9}.Debug|Any CPU.ActiveCfg = Debug|Any CPU
		{4F1B127D-3047-3B19-ADCB-FDE704BDAED9}.Debug|Any CPU.Build.0 = Debug|Any CPU
		{4F1B127D-3047-3B19-ADCB-FDE704BDAED9}.Release|Any CPU.ActiveCfg = Release|Any CPU
		{4F1B127D-3047-3B19-ADCB-FDE704BDAED9}.Release|Any CPU.Build.0 = Release|Any CPU
		{28AD98CF-11C0-190C-293D-624C3112427B}.Debug|Any CPU.ActiveCfg = Debug|Any CPU
		{28AD98CF-11C0-190C-293D-624C3112427B}.Debug|Any CPU.Build.0 = Debug|Any CPU
		{28AD98CF-11C0-190C-293D-624C3112427B}.Release|Any CPU.ActiveCfg = Release|Any CPU
		{28AD98CF-11C0-190C-293D-624C3112427B}.Release|Any CPU.Build.0 = Release|Any CPU
		{03D1615B-C2DA-64A8-B022-C495EC849EA4}.Debug|Any CPU.ActiveCfg = Debug|Any CPU
		{03D1615B-C2DA-64A8-B022-C495EC849EA4}.Debug|Any CPU.Build.0 = Debug|Any CPU
		{03D1615B-C2DA-64A8-B022-C495EC849EA4}.Release|Any CPU.ActiveCfg = Release|Any CPU
		{03D1615B-C2DA-64A8-B022-C495EC849EA4}.Release|Any CPU.Build.0 = Release|Any CPU
		{9CAFBE74-3004-79C1-6935-CBD103330101}.Debug|Any CPU.ActiveCfg = Debug|Any CPU
		{9CAFBE74-3004-79C1-6935-CBD103330101}.Debug|Any CPU.Build.0 = Debug|Any CPU
		{9CAFBE74-3004-79C1-6935-CBD103330101}.Release|Any CPU.ActiveCfg = Release|Any CPU
		{9CAFBE74-3004-79C1-6935-CBD103330101}.Release|Any CPU.Build.0 = Release|Any CPU
	EndGlobalSection
	GlobalSection(SolutionProperties) = preSolution
		HideSolutionNode = FALSE
	EndGlobalSection
EndGlobal
